
Microsoft Visual Studio Solution File, Format Version 12.00
# Visual Studio 14
VisualStudioVersion = 14.0.23107.0
MinimumVisualStudioVersion = 10.0.40219.1
Project("{FAE04EC0-301F-11D3-BF4B-00C04F79EFBC}") = "App", "App\App.csproj", "{9E1D4F6D-B0F4-4BF4-A8A8-F0A1750DFC85}"
EndProject
Project("{FAE04EC0-301F-11D3-BF4B-00C04F79EFBC}") = "GameModel", "GameModel\GameModel.csproj", "{4ECE99B9-400F-4FBE-9591-E42565A1B468}"
EndProject
Global
	GlobalSection(SolutionConfigurationPlatforms) = preSolution
		Debug|Any CPU = Debug|Any CPU
		Release|Any CPU = Release|Any CPU
	EndGlobalSection
	GlobalSection(ProjectConfigurationPlatforms) = postSolution
		{9E1D4F6D-B0F4-4BF4-A8A8-F0A1750DFC85}.Debug|Any CPU.ActiveCfg = Debug|Any CPU
		{9E1D4F6D-B0F4-4BF4-A8A8-F0A1750DFC85}.Debug|Any CPU.Build.0 = Debug|Any CPU
		{9E1D4F6D-B0F4-4BF4-A8A8-F0A1750DFC85}.Release|Any CPU.ActiveCfg = Release|Any CPU
		{9E1D4F6D-B0F4-4BF4-A8A8-F0A1750DFC85}.Release|Any CPU.Build.0 = Release|Any CPU
		{4ECE99B9-400F-4FBE-9591-E42565A1B468}.Debug|Any CPU.ActiveCfg = Debug|Any CPU
		{4ECE99B9-400F-4FBE-9591-E42565A1B468}.Debug|Any CPU.Build.0 = Debug|Any CPU
		{4ECE99B9-400F-4FBE-9591-E42565A1B468}.Release|Any CPU.ActiveCfg = Release|Any CPU
		{4ECE99B9-400F-4FBE-9591-E42565A1B468}.Release|Any CPU.Build.0 = Release|Any CPU
	EndGlobalSection
	GlobalSection(SolutionProperties) = preSolution
		HideSolutionNode = FALSE
	EndGlobalSection
EndGlobal
